
Microsoft Visual Studio Solution File, Format Version 12.00
# Visual Studio Version 16
VisualStudioVersion = 16.0.808.4
MinimumVisualStudioVersion = 10.0.40219.1
Project("{FAE04EC0-301F-11D3-BF4B-00C04F79EFBC}") = "ACM.BL", "ACM.BL\ACM.BL.csproj", "{7459C603-CD3E-4061-9DFE-4BB13ADB5FB0}"
EndProject
Project("{2150E333-8FDC-42A3-9474-1A3956D46DE8}") = "Tests", "Tests", "{08B721A2-AE01-4675-B978-8BE8B18C93C1}"
EndProject
Project("{FAE04EC0-301F-11D3-BF4B-00C04F79EFBC}") = "ACM.BLtest", "Tests\ACM.BLtest\ACM.BLtest.csproj", "{4E1C1CA5-A75B-494A-BD5A-D6EEBC4B7D4C}"
EndProject
Global
	GlobalSection(SolutionConfigurationPlatforms) = preSolution
		Debug|Any CPU = Debug|Any CPU
		Release|Any CPU = Release|Any CPU
	EndGlobalSection
	GlobalSection(ProjectConfigurationPlatforms) = postSolution
		{7459C603-CD3E-4061-9DFE-4BB13ADB5FB0}.Debug|Any CPU.ActiveCfg = Debug|Any CPU
		{7459C603-CD3E-4061-9DFE-4BB13ADB5FB0}.Debug|Any CPU.Build.0 = Debug|Any CPU
		{7459C603-CD3E-4061-9DFE-4BB13ADB5FB0}.Release|Any CPU.ActiveCfg = Release|Any CPU
		{7459C603-CD3E-4061-9DFE-4BB13ADB5FB0}.Release|Any CPU.Build.0 = Release|Any CPU
		{4E1C1CA5-A75B-494A-BD5A-D6EEBC4B7D4C}.Debug|Any CPU.ActiveCfg = Debug|Any CPU
		{4E1C1CA5-A75B-494A-BD5A-D6EEBC4B7D4C}.Debug|Any CPU.Build.0 = Debug|Any CPU
		{4E1C1CA5-A75B-494A-BD5A-D6EEBC4B7D4C}.Release|Any CPU.ActiveCfg = Release|Any CPU
		{4E1C1CA5-A75B-494A-BD5A-D6EEBC4B7D4C}.Release|Any CPU.Build.0 = Release|Any CPU
	EndGlobalSection
	GlobalSection(SolutionProperties) = preSolution
		HideSolutionNode = FALSE
	EndGlobalSection
	GlobalSection(ExtensibilityGlobals) = postSolution
		SolutionGuid = {F18E7AD3-D537-4F42-8FAE-B348E76B4FC5}
	EndGlobalSection
	GlobalSection(NestedProjects) = preSolution
		{4E1C1CA5-A75B-494A-BD5A-D6EEBC4B7D4C} = {08B721A2-AE01-4675-B978-8BE8B18C93C1}
	EndGlobalSection
EndGlobal
